
Microsoft Visual Studio Solution File, Format Version 12.00
# Visual Studio Version 17
VisualStudioVersion = 17.0.32014.148
MinimumVisualStudioVersion = 10.0.40219.1
Project("{FAE04EC0-301F-11D3-BF4B-00C04F79EFBC}") = "MediaHandlerWeb", "MediaHandlerWeb\MediaHandlerWeb.csproj", "{54DE01B7-9575-46D3-8D5A-B6E31688FE23}"
EndProject
Project("{FAE04EC0-301F-11D3-BF4B-00C04F79EFBC}") = "MFileCL", "MFileCL\MFileCL.csproj", "{9BB75A93-0FA3-4753-AC40-54F2FF620262}"
EndProject
Global
	GlobalSection(SolutionConfigurationPlatforms) = preSolution
		Debug|Any CPU = Debug|Any CPU
		Release|Any CPU = Release|Any CPU
	EndGlobalSection
	GlobalSection(ProjectConfigurationPlatforms) = postSolution
		{54DE01B7-9575-46D3-8D5A-B6E31688FE23}.Debug|Any CPU.ActiveCfg = Debug|Any CPU
		{54DE01B7-9575-46D3-8D5A-B6E31688FE23}.Debug|Any CPU.Build.0 = Debug|Any CPU
		{54DE01B7-9575-46D3-8D5A-B6E31688FE23}.Release|Any CPU.ActiveCfg = Release|Any CPU
		{54DE01B7-9575-46D3-8D5A-B6E31688FE23}.Release|Any CPU.Build.0 = Release|Any CPU
		{9BB75A93-0FA3-4753-AC40-54F2FF620262}.Debug|Any CPU.ActiveCfg = Debug|Any CPU
		{9BB75A93-0FA3-4753-AC40-54F2FF620262}.Debug|Any CPU.Build.0 = Debug|Any CPU
		{9BB75A93-0FA3-4753-AC40-54F2FF620262}.Release|Any CPU.ActiveCfg = Release|Any CPU
		{9BB75A93-0FA3-4753-AC40-54F2FF620262}.Release|Any CPU.Build.0 = Release|Any CPU
	EndGlobalSection
	GlobalSection(SolutionProperties) = preSolution
		HideSolutionNode = FALSE
	EndGlobalSection
	GlobalSection(ExtensibilityGlobals) = postSolution
		SolutionGuid = {C44B5411-1D1E-4863-AA30-B44F327BE4D4}
	EndGlobalSection
EndGlobal
